
Microsoft Visual Studio Solution File, Format Version 11.00
# Visual Studio 2010
Project("{FAE04EC0-301F-11D3-BF4B-00C04F79EFBC}") = "ClassForecast", "ClassForecast\ClassForecast.csproj", "{704D33D5-C9BF-4284-9370-0EA2EF295451}"
EndProject
Global
	GlobalSection(SolutionConfigurationPlatforms) = preSolution
		Debug|Any CPU = Debug|Any CPU
		Release|Any CPU = Release|Any CPU
	EndGlobalSection
	GlobalSection(ProjectConfigurationPlatforms) = postSolution
		{704D33D5-C9BF-4284-9370-0EA2EF295451}.Debug|Any CPU.ActiveCfg = Debug|Any CPU
		{704D33D5-C9BF-4284-9370-0EA2EF295451}.Debug|Any CPU.Build.0 = Debug|Any CPU
		{704D33D5-C9BF-4284-9370-0EA2EF295451}.Release|Any CPU.ActiveCfg = Release|Any CPU
		{704D33D5-C9BF-4284-9370-0EA2EF295451}.Release|Any CPU.Build.0 = Release|Any CPU
	EndGlobalSection
	GlobalSection(SolutionProperties) = preSolution
		HideSolutionNode = FALSE
	EndGlobalSection
EndGlobal
